{
  "pins" : [
    {
      "identity" : "fuse-swift",
      "kind" : "remoteSourceControl",
      "location" : "https://github.com/krisk/fuse-swift",
      "state" : {
        "revision" : "26ba868691b2d8b7bf2b1322951eb591be70ccca",
        "version" : "1.4.0"
      }
    },
    {
      "identity" : "kituracontracts",
      "kind" : "remoteSourceControl",
      "location" : "https://github.com/Kitura/KituraContracts.git",
      "state" : {
        "revision" : "6765033f96297508c603ff99c4ae56609fd22a58",
        "version" : "2.0.0"
      }
    },
    {
      "identity" : "loggerapi",
      "kind" : "remoteSourceControl",
      "location" : "https://github.com/Kitura/LoggerAPI.git",
      "state" : {
        "revision" : "e82d34eab3f0b05391082b11ea07d3b70d2f65bb",
        "version" : "1.9.200"
      }
    },
    {
      "identity" : "networkimage",
      "kind" : "remoteSourceControl",
      "location" : "https://github.com/gonzalezreal/NetworkImage",
      "state" : {
        "revision" : "7aff8d1b31148d32c5933d75557d42f6323ee3d1",
        "version" : "6.0.0"
      }
    },
    {
      "identity" : "sqlite.swift",
      "kind" : "remoteSourceControl",
      "location" : "https://github.com/stephencelis/SQLite.swift",
      "state" : {
        "revision" : "7a2e3cd27de56f6d396e84f63beefd0267b55ccb",
        "version" : "0.14.1"
      }
    },
    {
      "identity" : "swift-kuery",
      "kind" : "remoteSourceControl",
      "location" : "https://github.com/Kitura/Swift-Kuery.git",
      "state" : {
        "revision" : "b9f53552fadf85ac0782dce4f9880d9d8189a4b3",
        "version" : "4.0.0"
      }
    },
    {
      "identity" : "swift-kuery-orm",
      "kind" : "remoteSourceControl",
      "location" : "https://github.com/Kitura/Swift-Kuery-ORM",
      "state" : {
        "revision" : "bce5e015494d714d0974d2dc4336c1c58fd58411",
        "version" : "1.0.1"
      }
    },
    {
      "identity" : "swift-log",
      "kind" : "remoteSourceControl",
      "location" : "https://github.com/apple/swift-log.git",
      "state" : {
        "revision" : "532d8b529501fb73a2455b179e0bbb6d49b652ed",
        "version" : "1.5.3"
      }
    },
    {
      "identity" : "swift-markdown-ui",
      "kind" : "remoteSourceControl",
      "location" : "https://github.com/gonzalezreal/swift-markdown-ui",
      "state" : {
        "revision" : "5df8a4adedd6ae4eb2455ef60ff75183984daeb8",
        "version" : "2.2.0"
      }
    },
    {
      "identity" : "typedecoder",
      "kind" : "remoteSourceControl",
      "location" : "https://github.com/Kitura/TypeDecoder.git",
      "state" : {
        "revision" : "fd1e4909a065e9ca083c9dd01048d8070c9cefdd",
        "version" : "2.0.0"
      }
    }
  ],
  "version" : 2
}
